
Microsoft Visual Studio Solution File, Format Version 12.00
# Visual Studio Version 17
VisualStudioVersion = 17.11.35222.181
MinimumVisualStudioVersion = 10.0.40219.1
Project("{FAE04EC0-301F-11D3-BF4B-00C04F79EFBC}") = "TestMonja", "TestMonja\TestMonja.csproj", "{7FA3C9B6-C430-44F7-A0D9-DE5CCDAF8711}"
EndProject
Global
	GlobalSection(SolutionConfigurationPlatforms) = preSolution
		Debug|Any CPU = Debug|Any CPU
		Release|Any CPU = Release|Any CPU
	EndGlobalSection
	GlobalSection(ProjectConfigurationPlatforms) = postSolution
		{7FA3C9B6-C430-44F7-A0D9-DE5CCDAF8711}.Debug|Any CPU.ActiveCfg = Debug|Any CPU
		{7FA3C9B6-C430-44F7-A0D9-DE5CCDAF8711}.Debug|Any CPU.Build.0 = Debug|Any CPU
		{7FA3C9B6-C430-44F7-A0D9-DE5CCDAF8711}.Release|Any CPU.ActiveCfg = Release|Any CPU
		{7FA3C9B6-C430-44F7-A0D9-DE5CCDAF8711}.Release|Any CPU.Build.0 = Release|Any CPU
	EndGlobalSection
	GlobalSection(SolutionProperties) = preSolution
		HideSolutionNode = FALSE
	EndGlobalSection
	GlobalSection(ExtensibilityGlobals) = postSolution
		SolutionGuid = {C4F0A3AA-6709-455B-BB6D-09334D95D151}
	EndGlobalSection
EndGlobal
